
Microsoft Visual Studio Solution File, Format Version 12.00
# Visual Studio Version 16
VisualStudioVersion = 16.0.30309.148
MinimumVisualStudioVersion = 10.0.40219.1
Project("{8BC9CEB8-8B4A-11D0-8D11-00A0C91BC942}") = "ScoobyDriver", "ScoobyDriver.vcxproj", "{F4E99E3F-A9D4-4EC2-81BD-B10DEE7BCA64}"
EndProject
Global
	GlobalSection(SolutionConfigurationPlatforms) = preSolution
		Debug|ARM = Debug|ARM
		Debug|ARM64 = Debug|ARM64
		Debug|x64 = Debug|x64
		Debug|x86 = Debug|x86
		Release|ARM = Release|ARM
		Release|ARM64 = Release|ARM64
		Release|x64 = Release|x64
		Release|x86 = Release|x86
	EndGlobalSection
	GlobalSection(ProjectConfigurationPlatforms) = postSolution
		{F4E99E3F-A9D4-4EC2-81BD-B10DEE7BCA64}.Debug|ARM.ActiveCfg = Debug|ARM
		{F4E99E3F-A9D4-4EC2-81BD-B10DEE7BCA64}.Debug|ARM.Build.0 = Debug|ARM
		{F4E99E3F-A9D4-4EC2-81BD-B10DEE7BCA64}.Debug|ARM.Deploy.0 = Debug|ARM
		{F4E99E3F-A9D4-4EC2-81BD-B10DEE7BCA64}.Debug|ARM64.ActiveCfg = Debug|ARM64
		{F4E99E3F-A9D4-4EC2-81BD-B10DEE7BCA64}.Debug|ARM64.Build.0 = Debug|ARM64
		{F4E99E3F-A9D4-4EC2-81BD-B10DEE7BCA64}.Debug|ARM64.Deploy.0 = Debug|ARM64
		{F4E99E3F-A9D4-4EC2-81BD-B10DEE7BCA64}.Debug|x64.ActiveCfg = Debug|x64
		{F4E99E3F-A9D4-4EC2-81BD-B10DEE7BCA64}.Debug|x64.Build.0 = Debug|x64
		{F4E99E3F-A9D4-4EC2-81BD-B10DEE7BCA64}.Debug|x64.Deploy.0 = Debug|x64
		{F4E99E3F-A9D4-4EC2-81BD-B10DEE7BCA64}.Debug|x86.ActiveCfg = Debug|Win32
		{F4E99E3F-A9D4-4EC2-81BD-B10DEE7BCA64}.Debug|x86.Build.0 = Debug|Win32
		{F4E99E3F-A9D4-4EC2-81BD-B10DEE7BCA64}.Debug|x86.Deploy.0 = Debug|Win32
		{F4E99E3F-A9D4-4EC2-81BD-B10DEE7BCA64}.Release|ARM.ActiveCfg = Release|ARM
		{F4E99E3F-A9D4-4EC2-81BD-B10DEE7BCA64}.Release|ARM.Build.0 = Release|ARM
		{F4E99E3F-A9D4-4EC2-81BD-B10DEE7BCA64}.Release|ARM.Deploy.0 = Release|ARM
		{F4E99E3F-A9D4-4EC2-81BD-B10DEE7BCA64}.Release|ARM64.ActiveCfg = Release|ARM64
		{F4E99E3F-A9D4-4EC2-81BD-B10DEE7BCA64}.Release|ARM64.Build.0 = Release|ARM64
		{F4E99E3F-A9D4-4EC2-81BD-B10DEE7BCA64}.Release|ARM64.Deploy.0 = Release|ARM64
		{F4E99E3F-A9D4-4EC2-81BD-B10DEE7BCA64}.Release|x64.ActiveCfg = Release|x64
		{F4E99E3F-A9D4-4EC2-81BD-B10DEE7BCA64}.Release|x64.Build.0 = Release|x64
		{F4E99E3F-A9D4-4EC2-81BD-B10DEE7BCA64}.Release|x64.Deploy.0 = Release|x64
		{F4E99E3F-A9D4-4EC2-81BD-B10DEE7BCA64}.Release|x86.ActiveCfg = Release|Win32
		{F4E99E3F-A9D4-4EC2-81BD-B10DEE7BCA64}.Release|x86.Build.0 = Release|Win32
		{F4E99E3F-A9D4-4EC2-81BD-B10DEE7BCA64}.Release|x86.Deploy.0 = Release|Win32
	EndGlobalSection
	GlobalSection(SolutionProperties) = preSolution
		HideSolutionNode = FALSE
	EndGlobalSection
	GlobalSection(ExtensibilityGlobals) = postSolution
		SolutionGuid = {95FC4564-FE11-4CFA-A663-6B3269DF2CB4}
	EndGlobalSection
EndGlobal
